// !$*UTF8*$!
{
	archiveVersion = 1;
	classes = {
	};
	objectVersion = 55;
	objects = {

/* Begin PBXBuildFile section */
		F7CD058E28A11A930071DED9 /* AppDelegate.swift in Sources */ = {isa = PBXBuildFile; fileRef = F7CD058D28A11A930071DED9 /* AppDelegate.swift */; };
		F7CD059028A11A930071DED9 /* SceneDelegate.swift in Sources */ = {isa = PBXBuildFile; fileRef = F7CD058F28A11A930071DED9 /* SceneDelegate.swift */; };
		F7CD059728A11A950071DED9 /* Assets.xcassets in Resources */ = {isa = PBXBuildFile; fileRef = F7CD059628A11A950071DED9 /* Assets.xcassets */; };
		F7CD059A28A11A950071DED9 /* LaunchScreen.storyboard in Resources */ = {isa = PBXBuildFile; fileRef = F7CD059828A11A950071DED9 /* LaunchScreen.storyboard */; };
		F7CD05A228A121B20071DED9 /* HomeMovieViewController.swift in Sources */ = {isa = PBXBuildFile; fileRef = F7CD05A128A121B20071DED9 /* HomeMovieViewController.swift */; };
		F7CD05AB28A1269C0071DED9 /* SDWebImage in Frameworks */ = {isa = PBXBuildFile; productRef = F7CD05AA28A1269C0071DED9 /* SDWebImage */; };
		F7CD05AE28A126AE0071DED9 /* Alamofire in Frameworks */ = {isa = PBXBuildFile; productRef = F7CD05AD28A126AE0071DED9 /* Alamofire */; };
		F7CD05B528A149BA0071DED9 /* API.swift in Sources */ = {isa = PBXBuildFile; fileRef = F7CD05B428A149BA0071DED9 /* API.swift */; };
		F7CD05B728A14A860071DED9 /* HomeMovieModel.swift in Sources */ = {isa = PBXBuildFile; fileRef = F7CD05B628A14A860071DED9 /* HomeMovieModel.swift */; };
		F7CD05B928A14C740071DED9 /* HomeMovieViewModel.swift in Sources */ = {isa = PBXBuildFile; fileRef = F7CD05B828A14C740071DED9 /* HomeMovieViewModel.swift */; };
		F7CD05BB28A14D9D0071DED9 /* HomeMovieService.swift in Sources */ = {isa = PBXBuildFile; fileRef = F7CD05BA28A14D9D0071DED9 /* HomeMovieService.swift */; };
		F7CD05BE28A14E330071DED9 /* RxSwift in Frameworks */ = {isa = PBXBuildFile; productRef = F7CD05BD28A14E330071DED9 /* RxSwift */; };
		F7CD05C028A252300071DED9 /* BaseNetworkLayer.swift in Sources */ = {isa = PBXBuildFile; fileRef = F7CD05BF28A252300071DED9 /* BaseNetworkLayer.swift */; };
		F7CD05C328A265EE0071DED9 /* HomeMovieTableViewCell.swift in Sources */ = {isa = PBXBuildFile; fileRef = F7CD05C228A265EE0071DED9 /* HomeMovieTableViewCell.swift */; };
		F7CD05C628A26FDF0071DED9 /* BaseImageViewComponent.swift in Sources */ = {isa = PBXBuildFile; fileRef = F7CD05C528A26FDF0071DED9 /* BaseImageViewComponent.swift */; };
		F7CD05C828A2884E0071DED9 /* BaseLabelComponent.swift in Sources */ = {isa = PBXBuildFile; fileRef = F7CD05C728A2884E0071DED9 /* BaseLabelComponent.swift */; };
/* End PBXBuildFile section */

/* Begin PBXFileReference section */
		F7CD058A28A11A930071DED9 /* MovieApp-MVVM.app */ = {isa = PBXFileReference; explicitFileType = wrapper.application; includeInIndex = 0; path = "MovieApp-MVVM.app"; sourceTree = BUILT_PRODUCTS_DIR; };
		F7CD058D28A11A930071DED9 /* AppDelegate.swift */ = {isa = PBXFileReference; lastKnownFileType = sourcecode.swift; path = AppDelegate.swift; sourceTree = "<group>"; };
		F7CD058F28A11A930071DED9 /* SceneDelegate.swift */ = {isa = PBXFileReference; lastKnownFileType = sourcecode.swift; path = SceneDelegate.swift; sourceTree = "<group>"; };
		F7CD059628A11A950071DED9 /* Assets.xcassets */ = {isa = PBXFileReference; lastKnownFileType = folder.assetcatalog; path = Assets.xcassets; sourceTree = "<group>"; };
		F7CD059928A11A950071DED9 /* Base */ = {isa = PBXFileReference; lastKnownFileType = file.storyboard; name = Base; path = Base.lproj/LaunchScreen.storyboard; sourceTree = "<group>"; };
		F7CD059B28A11A950071DED9 /* Info.plist */ = {isa = PBXFileReference; lastKnownFileType = text.plist.xml; path = Info.plist; sourceTree = "<group>"; };
		F7CD05A128A121B20071DED9 /* HomeMovieViewController.swift */ = {isa = PBXFileReference; lastKnownFileType = sourcecode.swift; path = HomeMovieViewController.swift; sourceTree = "<group>"; };
		F7CD05B428A149BA0071DED9 /* API.swift */ = {isa = PBXFileReference; lastKnownFileType = sourcecode.swift; path = API.swift; sourceTree = "<group>"; };
		F7CD05B628A14A860071DED9 /* HomeMovieModel.swift */ = {isa = PBXFileReference; lastKnownFileType = sourcecode.swift; path = HomeMovieModel.swift; sourceTree = "<group>"; };
		F7CD05B828A14C740071DED9 /* HomeMovieViewModel.swift */ = {isa = PBXFileReference; lastKnownFileType = sourcecode.swift; path = HomeMovieViewModel.swift; sourceTree = "<group>"; };
		F7CD05BA28A14D9D0071DED9 /* HomeMovieService.swift */ = {isa = PBXFileReference; lastKnownFileType = sourcecode.swift; path = HomeMovieService.swift; sourceTree = "<group>"; };
		F7CD05BF28A252300071DED9 /* BaseNetworkLayer.swift */ = {isa = PBXFileReference; lastKnownFileType = sourcecode.swift; path = BaseNetworkLayer.swift; sourceTree = "<group>"; };
		F7CD05C228A265EE0071DED9 /* HomeMovieTableViewCell.swift */ = {isa = PBXFileReference; lastKnownFileType = sourcecode.swift; path = HomeMovieTableViewCell.swift; sourceTree = "<group>"; };
		F7CD05C528A26FDF0071DED9 /* BaseImageViewComponent.swift */ = {isa = PBXFileReference; lastKnownFileType = sourcecode.swift; path = BaseImageViewComponent.swift; sourceTree = "<group>"; };
		F7CD05C728A2884E0071DED9 /* BaseLabelComponent.swift */ = {isa = PBXFileReference; lastKnownFileType = sourcecode.swift; path = BaseLabelComponent.swift; sourceTree = "<group>"; };
/* End PBXFileReference section */

/* Begin PBXFrameworksBuildPhase section */
		F7CD058728A11A930071DED9 /* Frameworks */ = {
			isa = PBXFrameworksBuildPhase;
			buildActionMask = 2147483647;
			files = (
				F7CD05BE28A14E330071DED9 /* RxSwift in Frameworks */,
				F7CD05AB28A1269C0071DED9 /* SDWebImage in Frameworks */,
				F7CD05AE28A126AE0071DED9 /* Alamofire in Frameworks */,
			);
			runOnlyForDeploymentPostprocessing = 0;
		};
/* End PBXFrameworksBuildPhase section */

/* Begin PBXGroup section */
		F7CD058128A11A930071DED9 = {
			isa = PBXGroup;
			children = (
				F7CD058C28A11A930071DED9 /* MovieApp-MVVM */,
				F7CD058B28A11A930071DED9 /* Products */,
			);
			sourceTree = "<group>";
		};
		F7CD058B28A11A930071DED9 /* Products */ = {
			isa = PBXGroup;
			children = (
				F7CD058A28A11A930071DED9 /* MovieApp-MVVM.app */,
			);
			name = Products;
			sourceTree = "<group>";
		};
		F7CD058C28A11A930071DED9 /* MovieApp-MVVM */ = {
			isa = PBXGroup;
			children = (
				F7CD05AF28A142D00071DED9 /* Views */,
				F7CD05B028A142DE0071DED9 /* Models */,
				F7CD05B328A143130071DED9 /* Service */,
				F7CD05B228A143040071DED9 /* ViewModels */,
				F7CD05A728A123010071DED9 /* Support */,
				F7CD05A528A122E40071DED9 /* Resources */,
				F7CD05A328A122850071DED9 /* App */,
			);
			path = "MovieApp-MVVM";
			sourceTree = "<group>";
		};
		F7CD05A328A122850071DED9 /* App */ = {
			isa = PBXGroup;
			children = (
				F7CD058D28A11A930071DED9 /* AppDelegate.swift */,
				F7CD058F28A11A930071DED9 /* SceneDelegate.swift */,
			);
			path = App;
			sourceTree = "<group>";
		};
		F7CD05A528A122E40071DED9 /* Resources */ = {
			isa = PBXGroup;
			children = (
				F7CD059628A11A950071DED9 /* Assets.xcassets */,
				F7CD059828A11A950071DED9 /* LaunchScreen.storyboard */,
			);
			path = Resources;
			sourceTree = "<group>";
		};
		F7CD05A728A123010071DED9 /* Support */ = {
			isa = PBXGroup;
			children = (
				F7CD059B28A11A950071DED9 /* Info.plist */,
			);
			path = Support;
			sourceTree = "<group>";
		};
		F7CD05AF28A142D00071DED9 /* Views */ = {
			isa = PBXGroup;
			children = (
				F7CD05C428A26FB40071DED9 /* Components */,
				F7CD05C128A265C30071DED9 /* Cell */,
				F7CD05A128A121B20071DED9 /* HomeMovieViewController.swift */,
			);
			path = Views;
			sourceTree = "<group>";
		};
		F7CD05B028A142DE0071DED9 /* Models */ = {
			isa = PBXGroup;
			children = (
				F7CD05B628A14A860071DED9 /* HomeMovieModel.swift */,
			);
			path = Models;
			sourceTree = "<group>";
		};
		F7CD05B228A143040071DED9 /* ViewModels */ = {
			isa = PBXGroup;
			children = (
				F7CD05B828A14C740071DED9 /* HomeMovieViewModel.swift */,
			);
			path = ViewModels;
			sourceTree = "<group>";
		};
		F7CD05B328A143130071DED9 /* Service */ = {
			isa = PBXGroup;
			children = (
				F7CD05B428A149BA0071DED9 /* API.swift */,
				F7CD05BF28A252300071DED9 /* BaseNetworkLayer.swift */,
				F7CD05BA28A14D9D0071DED9 /* HomeMovieService.swift */,
			);
			path = Service;
			sourceTree = "<group>";
		};
		F7CD05C128A265C30071DED9 /* Cell */ = {
			isa = PBXGroup;
			children = (
				F7CD05C228A265EE0071DED9 /* HomeMovieTableViewCell.swift */,
			);
			path = Cell;
			sourceTree = "<group>";
		};
		F7CD05C428A26FB40071DED9 /* Components */ = {
			isa = PBXGroup;
			children = (
				F7CD05C528A26FDF0071DED9 /* BaseImageViewComponent.swift */,
				F7CD05C728A2884E0071DED9 /* BaseLabelComponent.swift */,
			);
			path = Components;
			sourceTree = "<group>";
		};
/* End PBXGroup section */

/* Begin PBXNativeTarget section */
		F7CD058928A11A930071DED9 /* MovieApp-MVVM */ = {
			isa = PBXNativeTarget;
			buildConfigurationList = F7CD059E28A11A950071DED9 /* Build configuration list for PBXNativeTarget "MovieApp-MVVM" */;
			buildPhases = (
				F7CD058628A11A930071DED9 /* Sources */,
				F7CD058728A11A930071DED9 /* Frameworks */,
				F7CD058828A11A930071DED9 /* Resources */,
			);
			buildRules = (
			);
			dependencies = (
			);
			name = "MovieApp-MVVM";
			packageProductDependencies = (
				F7CD05AA28A1269C0071DED9 /* SDWebImage */,
				F7CD05AD28A126AE0071DED9 /* Alamofire */,
				F7CD05BD28A14E330071DED9 /* RxSwift */,
			);
			productName = "MovieApp-MVVM";
			productReference = F7CD058A28A11A930071DED9 /* MovieApp-MVVM.app */;
			productType = "com.apple.product-type.application";
		};
/* End PBXNativeTarget section */

/* Begin PBXProject section */
		F7CD058228A11A930071DED9 /* Project object */ = {
			isa = PBXProject;
			attributes = {
				BuildIndependentTargetsInParallel = 1;
				LastSwiftUpdateCheck = 1340;
				LastUpgradeCheck = 1340;
				TargetAttributes = {
					F7CD058928A11A930071DED9 = {
						CreatedOnToolsVersion = 13.4;
					};
				};
			};
			buildConfigurationList = F7CD058528A11A930071DED9 /* Build configuration list for PBXProject "MovieApp-MVVM" */;
			compatibilityVersion = "Xcode 13.0";
			developmentRegion = en;
			hasScannedForEncodings = 0;
			knownRegions = (
				en,
				Base,
			);
			mainGroup = F7CD058128A11A930071DED9;
			packageReferences = (
				F7CD05A928A1269C0071DED9 /* XCRemoteSwiftPackageReference "SDWebImage" */,
				F7CD05AC28A126AE0071DED9 /* XCRemoteSwiftPackageReference "Alamofire" */,
				F7CD05BC28A14E330071DED9 /* XCRemoteSwiftPackageReference "RxSwift" */,
			);
			productRefGroup = F7CD058B28A11A930071DED9 /* Products */;
			projectDirPath = "";
			projectRoot = "";
			targets = (
				F7CD058928A11A930071DED9 /* MovieApp-MVVM */,
			);
		};
/* End PBXProject section */

/* Begin PBXResourcesBuildPhase section */
		F7CD058828A11A930071DED9 /* Resources */ = {
			isa = PBXResourcesBuildPhase;
			buildActionMask = 2147483647;
			files = (
				F7CD059A28A11A950071DED9 /* LaunchScreen.storyboard in Resources */,
				F7CD059728A11A950071DED9 /* Assets.xcassets in Resources */,
			);
			runOnlyForDeploymentPostprocessing = 0;
		};
/* End PBXResourcesBuildPhase section */

/* Begin PBXSourcesBuildPhase section */
		F7CD058628A11A930071DED9 /* Sources */ = {
			isa = PBXSourcesBuildPhase;
			buildActionMask = 2147483647;
			files = (
				F7CD05A228A121B20071DED9 /* HomeMovieViewController.swift in Sources */,
				F7CD058E28A11A930071DED9 /* AppDelegate.swift in Sources */,
				F7CD05B928A14C740071DED9 /* HomeMovieViewModel.swift in Sources */,
				F7CD05C028A252300071DED9 /* BaseNetworkLayer.swift in Sources */,
				F7CD05B728A14A860071DED9 /* HomeMovieModel.swift in Sources */,
				F7CD05B528A149BA0071DED9 /* API.swift in Sources */,
				F7CD05C328A265EE0071DED9 /* HomeMovieTableViewCell.swift in Sources */,
				F7CD05C828A2884E0071DED9 /* BaseLabelComponent.swift in Sources */,
				F7CD05C628A26FDF0071DED9 /* BaseImageViewComponent.swift in Sources */,
				F7CD05BB28A14D9D0071DED9 /* HomeMovieService.swift in Sources */,
				F7CD059028A11A930071DED9 /* SceneDelegate.swift in Sources */,
			);
			runOnlyForDeploymentPostprocessing = 0;
		};
/* End PBXSourcesBuildPhase section */

/* Begin PBXVariantGroup section */
		F7CD059828A11A950071DED9 /* LaunchScreen.storyboard */ = {
			isa = PBXVariantGroup;
			children = (
				F7CD059928A11A950071DED9 /* Base */,
			);
			name = LaunchScreen.storyboard;
			sourceTree = "<group>";
		};
/* End PBXVariantGroup section */

/* Begin XCBuildConfiguration section */
		F7CD059C28A11A950071DED9 /* Debug */ = {
			isa = XCBuildConfiguration;
			buildSettings = {
				ALWAYS_SEARCH_USER_PATHS = NO;
				CLANG_ANALYZER_NONNULL = YES;
				CLANG_ANALYZER_NUMBER_OBJECT_CONVERSION = YES_AGGRESSIVE;
				CLANG_CXX_LANGUAGE_STANDARD = "gnu++17";
				CLANG_ENABLE_MODULES = YES;
				CLANG_ENABLE_OBJC_ARC = YES;
				CLANG_ENABLE_OBJC_WEAK = YES;
				CLANG_WARN_BLOCK_CAPTURE_AUTORELEASING = YES;
				CLANG_WARN_BOOL_CONVERSION = YES;
				CLANG_WARN_COMMA = YES;
				CLANG_WARN_CONSTANT_CONVERSION = YES;
				CLANG_WARN_DEPRECATED_OBJC_IMPLEMENTATIONS = YES;
				CLANG_WARN_DIRECT_OBJC_ISA_USAGE = YES_ERROR;
				CLANG_WARN_DOCUMENTATION_COMMENTS = YES;
				CLANG_WARN_EMPTY_BODY = YES;
				CLANG_WARN_ENUM_CONVERSION = YES;
				CLANG_WARN_INFINITE_RECURSION = YES;
				CLANG_WARN_INT_CONVERSION = YES;
				CLANG_WARN_NON_LITERAL_NULL_CONVERSION = YES;
				CLANG_WARN_OBJC_IMPLICIT_RETAIN_SELF = YES;
				CLANG_WARN_OBJC_LITERAL_CONVERSION = YES;
				CLANG_WARN_OBJC_ROOT_CLASS = YES_ERROR;
				CLANG_WARN_QUOTED_INCLUDE_IN_FRAMEWORK_HEADER = YES;
				CLANG_WARN_RANGE_LOOP_ANALYSIS = YES;
				CLANG_WARN_STRICT_PROTOTYPES = YES;
				CLANG_WARN_SUSPICIOUS_MOVE = YES;
				CLANG_WARN_UNGUARDED_AVAILABILITY = YES_AGGRESSIVE;
				CLANG_WARN_UNREACHABLE_CODE = YES;
				CLANG_WARN__DUPLICATE_METHOD_MATCH = YES;
				COPY_PHASE_STRIP = NO;
				DEBUG_INFORMATION_FORMAT = dwarf;
				ENABLE_STRICT_OBJC_MSGSEND = YES;
				ENABLE_TESTABILITY = YES;
				GCC_C_LANGUAGE_STANDARD = gnu11;
				GCC_DYNAMIC_NO_PIC = NO;
				GCC_NO_COMMON_BLOCKS = YES;
				GCC_OPTIMIZATION_LEVEL = 0;
				GCC_PREPROCESSOR_DEFINITIONS = (
					"DEBUG=1",
					"$(inherited)",
				);
				GCC_WARN_64_TO_32_BIT_CONVERSION = YES;
				GCC_WARN_ABOUT_RETURN_TYPE = YES_ERROR;
				GCC_WARN_UNDECLARED_SELECTOR = YES;
				GCC_WARN_UNINITIALIZED_AUTOS = YES_AGGRESSIVE;
				GCC_WARN_UNUSED_FUNCTION = YES;
				GCC_WARN_UNUSED_VARIABLE = YES;
				IPHONEOS_DEPLOYMENT_TARGET = 11.0;
				MTL_ENABLE_DEBUG_INFO = INCLUDE_SOURCE;
				MTL_FAST_MATH = YES;
				ONLY_ACTIVE_ARCH = YES;
				SDKROOT = iphoneos;
				SWIFT_ACTIVE_COMPILATION_CONDITIONS = DEBUG;
				SWIFT_OPTIMIZATION_LEVEL = "-Onone";
			};
			name = Debug;
		};
		F7CD059D28A11A950071DED9 /* Release */ = {
			isa = XCBuildConfiguration;
			buildSettings = {
				ALWAYS_SEARCH_USER_PATHS = NO;
				CLANG_ANALYZER_NONNULL = YES;
				CLANG_ANALYZER_NUMBER_OBJECT_CONVERSION = YES_AGGRESSIVE;
				CLANG_CXX_LANGUAGE_STANDARD = "gnu++17";
				CLANG_ENABLE_MODULES = YES;
				CLANG_ENABLE_OBJC_ARC = YES;
				CLANG_ENABLE_OBJC_WEAK = YES;
				CLANG_WARN_BLOCK_CAPTURE_AUTORELEASING = YES;
				CLANG_WARN_BOOL_CONVERSION = YES;
				CLANG_WARN_COMMA = YES;
				CLANG_WARN_CONSTANT_CONVERSION = YES;
				CLANG_WARN_DEPRECATED_OBJC_IMPLEMENTATIONS = YES;
				CLANG_WARN_DIRECT_OBJC_ISA_USAGE = YES_ERROR;
				CLANG_WARN_DOCUMENTATION_COMMENTS = YES;
				CLANG_WARN_EMPTY_BODY = YES;
				CLANG_WARN_ENUM_CONVERSION = YES;
				CLANG_WARN_INFINITE_RECURSION = YES;
				CLANG_WARN_INT_CONVERSION = YES;
				CLANG_WARN_NON_LITERAL_NULL_CONVERSION = YES;
				CLANG_WARN_OBJC_IMPLICIT_RETAIN_SELF = YES;
				CLANG_WARN_OBJC_LITERAL_CONVERSION = YES;
				CLANG_WARN_OBJC_ROOT_CLASS = YES_ERROR;
				CLANG_WARN_QUOTED_INCLUDE_IN_FRAMEWORK_HEADER = YES;
				CLANG_WARN_RANGE_LOOP_ANALYSIS = YES;
				CLANG_WARN_STRICT_PROTOTYPES = YES;
				CLANG_WARN_SUSPICIOUS_MOVE = YES;
				CLANG_WARN_UNGUARDED_AVAILABILITY = YES_AGGRESSIVE;
				CLANG_WARN_UNREACHABLE_CODE = YES;
				CLANG_WARN__DUPLICATE_METHOD_MATCH = YES;
				COPY_PHASE_STRIP = NO;
				DEBUG_INFORMATION_FORMAT = "dwarf-with-dsym";
				ENABLE_NS_ASSERTIONS = NO;
				ENABLE_STRICT_OBJC_MSGSEND = YES;
				GCC_C_LANGUAGE_STANDARD = gnu11;
				GCC_NO_COMMON_BLOCKS = YES;
				GCC_WARN_64_TO_32_BIT_CONVERSION = YES;
				GCC_WARN_ABOUT_RETURN_TYPE = YES_ERROR;
				GCC_WARN_UNDECLARED_SELECTOR = YES;
				GCC_WARN_UNINITIALIZED_AUTOS = YES_AGGRESSIVE;
				GCC_WARN_UNUSED_FUNCTION = YES;
				GCC_WARN_UNUSED_VARIABLE = YES;
				IPHONEOS_DEPLOYMENT_TARGET = 11.0;
				MTL_ENABLE_DEBUG_INFO = NO;
				MTL_FAST_MATH = YES;
				SDKROOT = iphoneos;
				SWIFT_COMPILATION_MODE = wholemodule;
				SWIFT_OPTIMIZATION_LEVEL = "-O";
				VALIDATE_PRODUCT = YES;
			};
			name = Release;
		};
		F7CD059F28A11A950071DED9 /* Debug */ = {
			isa = XCBuildConfiguration;
			buildSettings = {
				ASSETCATALOG_COMPILER_APPICON_NAME = AppIcon;
				ASSETCATALOG_COMPILER_GLOBAL_ACCENT_COLOR_NAME = AccentColor;
				CODE_SIGN_STYLE = Automatic;
				CURRENT_PROJECT_VERSION = 1;
				DEVELOPMENT_TEAM = 9ZAY36QDR2;
				GENERATE_INFOPLIST_FILE = YES;
				INFOPLIST_FILE = "MovieApp-MVVM/Support/Info.plist";
				INFOPLIST_KEY_UIApplicationSupportsIndirectInputEvents = YES;
				INFOPLIST_KEY_UILaunchStoryboardName = LaunchScreen;
				INFOPLIST_KEY_UISupportedInterfaceOrientations_iPad = "UIInterfaceOrientationPortrait UIInterfaceOrientationPortraitUpsideDown UIInterfaceOrientationLandscapeLeft UIInterfaceOrientationLandscapeRight";
				INFOPLIST_KEY_UISupportedInterfaceOrientations_iPhone = "UIInterfaceOrientationPortrait UIInterfaceOrientationLandscapeLeft UIInterfaceOrientationLandscapeRight";
				LD_RUNPATH_SEARCH_PATHS = (
					"$(inherited)",
					"@executable_path/Frameworks",
				);
				MARKETING_VERSION = 1.0;
				PRODUCT_BUNDLE_IDENTIFIER = "com.buyasoft.MovieApp-MVVM";
				PRODUCT_NAME = "$(TARGET_NAME)";
				SWIFT_EMIT_LOC_STRINGS = YES;
				SWIFT_VERSION = 5.0;
				TARGETED_DEVICE_FAMILY = 1;
			};
			name = Debug;
		};
		F7CD05A028A11A950071DED9 /* Release */ = {
			isa = XCBuildConfiguration;
			buildSettings = {
				ASSETCATALOG_COMPILER_APPICON_NAME = AppIcon;
				ASSETCATALOG_COMPILER_GLOBAL_ACCENT_COLOR_NAME = AccentColor;
				CODE_SIGN_STYLE = Automatic;
				CURRENT_PROJECT_VERSION = 1;
				DEVELOPMENT_TEAM = 9ZAY36QDR2;
				GENERATE_INFOPLIST_FILE = YES;
				INFOPLIST_FILE = "MovieApp-MVVM/Support/Info.plist";
				INFOPLIST_KEY_UIApplicationSupportsIndirectInputEvents = YES;
				INFOPLIST_KEY_UILaunchStoryboardName = LaunchScreen;
				INFOPLIST_KEY_UISupportedInterfaceOrientations_iPad = "UIInterfaceOrientationPortrait UIInterfaceOrientationPortraitUpsideDown UIInterfaceOrientationLandscapeLeft UIInterfaceOrientationLandscapeRight";
				INFOPLIST_KEY_UISupportedInterfaceOrientations_iPhone = "UIInterfaceOrientationPortrait UIInterfaceOrientationLandscapeLeft UIInterfaceOrientationLandscapeRight";
				LD_RUNPATH_SEARCH_PATHS = (
					"$(inherited)",
					"@executable_path/Frameworks",
				);
				MARKETING_VERSION = 1.0;
				PRODUCT_BUNDLE_IDENTIFIER = "com.buyasoft.MovieApp-MVVM";
				PRODUCT_NAME = "$(TARGET_NAME)";
				SWIFT_EMIT_LOC_STRINGS = YES;
				SWIFT_VERSION = 5.0;
				TARGETED_DEVICE_FAMILY = 1;
			};
			name = Release;
		};
/* End XCBuildConfiguration section */

/* Begin XCConfigurationList section */
		F7CD058528A11A930071DED9 /* Build configuration list for PBXProject "MovieApp-MVVM" */ = {
			isa = XCConfigurationList;
			buildConfigurations = (
				F7CD059C28A11A950071DED9 /* Debug */,
				F7CD059D28A11A950071DED9 /* Release */,
			);
			defaultConfigurationIsVisible = 0;
			defaultConfigurationName = Release;
		};
		F7CD059E28A11A950071DED9 /* Build configuration list for PBXNativeTarget "MovieApp-MVVM" */ = {
			isa = XCConfigurationList;
			buildConfigurations = (
				F7CD059F28A11A950071DED9 /* Debug */,
				F7CD05A028A11A950071DED9 /* Release */,
			);
			defaultConfigurationIsVisible = 0;
			defaultConfigurationName = Release;
		};
/* End XCConfigurationList section */

/* Begin XCRemoteSwiftPackageReference section */
		F7CD05A928A1269C0071DED9 /* XCRemoteSwiftPackageReference "SDWebImage" */ = {
			isa = XCRemoteSwiftPackageReference;
			repositoryURL = "https://github.com/SDWebImage/SDWebImage.git";
			requirement = {
				branch = master;
				kind = branch;
			};
		};
		F7CD05AC28A126AE0071DED9 /* XCRemoteSwiftPackageReference "Alamofire" */ = {
			isa = XCRemoteSwiftPackageReference;
			repositoryURL = "https://github.com/Alamofire/Alamofire.git";
			requirement = {
				kind = upToNextMajorVersion;
				minimumVersion = 5.0.0;
			};
		};
		F7CD05BC28A14E330071DED9 /* XCRemoteSwiftPackageReference "RxSwift" */ = {
			isa = XCRemoteSwiftPackageReference;
			repositoryURL = "https://github.com/ReactiveX/RxSwift.git";
			requirement = {
				kind = upToNextMajorVersion;
				minimumVersion = 6.0.0;
			};
		};
/* End XCRemoteSwiftPackageReference section */

/* Begin XCSwiftPackageProductDependency section */
		F7CD05AA28A1269C0071DED9 /* SDWebImage */ = {
			isa = XCSwiftPackageProductDependency;
			package = F7CD05A928A1269C0071DED9 /* XCRemoteSwiftPackageReference "SDWebImage" */;
			productName = SDWebImage;
		};
		F7CD05AD28A126AE0071DED9 /* Alamofire */ = {
			isa = XCSwiftPackageProductDependency;
			package = F7CD05AC28A126AE0071DED9 /* XCRemoteSwiftPackageReference "Alamofire" */;
			productName = Alamofire;
		};
		F7CD05BD28A14E330071DED9 /* RxSwift */ = {
			isa = XCSwiftPackageProductDependency;
			package = F7CD05BC28A14E330071DED9 /* XCRemoteSwiftPackageReference "RxSwift" */;
			productName = RxSwift;
		};
/* End XCSwiftPackageProductDependency section */
	};
	rootObject = F7CD058228A11A930071DED9 /* Project object */;
}
